
Microsoft Visual Studio Solution File, Format Version 11.00
# Visual Studio 2010
Project("{8BC9CEB8-8B4A-11D0-8D11-00A0C91BC942}") = "i8080asm", "i8080asm\i8080asm.vcxproj", "{F4C25429-A0D9-4D34-8908-49925AFCDA76}"
EndProject
Global
	GlobalSection(SolutionConfigurationPlatforms) = preSolution
		Debug|Win32 = Debug|Win32
		Release|Win32 = Release|Win32
	EndGlobalSection
	GlobalSection(ProjectConfigurationPlatforms) = postSolution
		{F4C25429-A0D9-4D34-8908-49925AFCDA76}.Debug|Win32.ActiveCfg = Debug|Win32
		{F4C25429-A0D9-4D34-8908-49925AFCDA76}.Debug|Win32.Build.0 = Debug|Win32
		{F4C25429-A0D9-4D34-8908-49925AFCDA76}.Release|Win32.ActiveCfg = Release|Win32
		{F4C25429-A0D9-4D34-8908-49925AFCDA76}.Release|Win32.Build.0 = Release|Win32
	EndGlobalSection
	GlobalSection(SolutionProperties) = preSolution
		HideSolutionNode = FALSE
	EndGlobalSection
EndGlobal
