<?xml version="1.0" encoding="utf-8"?>
<Project ToolsVersion="4.0" xmlns="http://schemas.microsoft.com/developer/msbuild/2003">
  <ItemGroup>
    <Filter Include="Header Files">
      <UniqueIdentifier>{93995380-89BD-4b04-88EB-625FBE52EBFB}</UniqueIdentifier>
      <Extensions>h;hpp;hxx;hm;inl;inc;xsd</Extensions>
    </Filter>
    <Filter Include="Resource Files">
      <UniqueIdentifier>{67DA6AB6-F800-4c08-8B7A-83BB121AAD01}</UniqueIdentifier>
      <Extensions>rc;ico;cur;bmp;dlg;rc2;rct;bin;rgs;gif;jpg;jpeg;jpe;resx;tiff;tif;png;wav</Extensions>
    </Filter>
    <Filter Include="Source Files">
      <UniqueIdentifier>{4FC737F1-C7A5-4376-A066-2A32D752A2FF}</UniqueIdentifier>
      <Extensions>cpp;c;cc;cxx;def;odl;idl;hpj;bat;asm;asmx</Extensions>
    </Filter>
  </ItemGroup>
  <ItemGroup>
    <ClInclude Include="CComFile.h">
      <Filter>Header Files</Filter>
    </ClInclude>
    <ClInclude Include="CLabel.h">
      <Filter>Header Files</Filter>
    </ClInclude>
    <ClInclude Include="CPrnFile.h">
      <Filter>Header Files</Filter>
    </ClInclude>
    <ClInclude Include="CSourceFile.h">
      <Filter>Header Files</Filter>
    </ClInclude>
    <ClInclude Include="CSourceLine.h">
      <Filter>Header Files</Filter>
    </ClInclude>
    <ClInclude Include="resource.h">
      <Filter>Header Files</Filter>
    </ClInclude>
    <ClInclude Include="SourceLineType.h">
      <Filter>Header Files</Filter>
    </ClInclude>
    <ClInclude Include="CCodeGenHelper.h">
      <Filter>Header Files</Filter>
    </ClInclude>
    <ClInclude Include="Errors.h">
      <Filter>Header Files</Filter>
    </ClInclude>
    <ClInclude Include="CByteConversionHelper.h">
      <Filter>Header Files</Filter>
    </ClInclude>
    <ClInclude Include="CPathUtils.h">
      <Filter>Header Files</Filter>
    </ClInclude>
    <ClInclude Include="CStringUtils.h">
      <Filter>Header Files</Filter>
    </ClInclude>
  </ItemGroup>
  <ItemGroup>
    <ResourceCompile Include="i8080asm.rc">
      <Filter>Resource Files</Filter>
    </ResourceCompile>
  </ItemGroup>
  <ItemGroup>
    <ClCompile Include="CComFile.cpp">
      <Filter>Source Files</Filter>
    </ClCompile>
    <ClCompile Include="CLabel.cpp">
      <Filter>Source Files</Filter>
    </ClCompile>
    <ClCompile Include="CPrnFile.cpp">
      <Filter>Source Files</Filter>
    </ClCompile>
    <ClCompile Include="CSourceFile.cpp">
      <Filter>Source Files</Filter>
    </ClCompile>
    <ClCompile Include="CSourceLine.cpp">
      <Filter>Source Files</Filter>
    </ClCompile>
    <ClCompile Include="i8080asm.cpp">
      <Filter>Source Files</Filter>
    </ClCompile>
    <ClCompile Include="CCodeGenHelper.cpp">
      <Filter>Source Files</Filter>
    </ClCompile>
    <ClCompile Include="CByteConversionHelper.cpp">
      <Filter>Source Files</Filter>
    </ClCompile>
    <ClCompile Include="CPathUtils.cpp">
      <Filter>Source Files</Filter>
    </ClCompile>
    <ClCompile Include="CStringUtils.cpp">
      <Filter>Source Files</Filter>
    </ClCompile>
  </ItemGroup>
  <ItemGroup>
    <CustomBuild Include="buildall.cmd" />
  </ItemGroup>
</Project>